// !$*UTF8*$!
{
	archiveVersion = 1;
	classes = {
	};
	objectVersion = 46;
	objects = {

/* Begin PBXBuildFile section */
		0BBC9BD91C10E59300F85B56 /* AppDelegate.swift in Sources */ = {isa = PBXBuildFile; fileRef = 0BBC9BD81C10E59300F85B56 /* AppDelegate.swift */; };
		0BBC9BDB1C10E59300F85B56 /* ViewController.swift in Sources */ = {isa = PBXBuildFile; fileRef = 0BBC9BDA1C10E59300F85B56 /* ViewController.swift */; };
		0BBC9BDE1C10E59300F85B56 /* Main.storyboard in Resources */ = {isa = PBXBuildFile; fileRef = 0BBC9BDC1C10E59300F85B56 /* Main.storyboard */; };
		0BBC9BE01C10E59300F85B56 /* Assets.xcassets in Resources */ = {isa = PBXBuildFile; fileRef = 0BBC9BDF1C10E59300F85B56 /* Assets.xcassets */; };
		0BBC9BE31C10E59300F85B56 /* LaunchScreen.storyboard in Resources */ = {isa = PBXBuildFile; fileRef = 0BBC9BE11C10E59300F85B56 /* LaunchScreen.storyboard */; };
		0BBC9BEE1C10E59300F85B56 /* iDeviceScreenSizeTutorialTests.swift in Sources */ = {isa = PBXBuildFile; fileRef = 0BBC9BED1C10E59300F85B56 /* iDeviceScreenSizeTutorialTests.swift */; };
		0BBC9BF91C10E59300F85B56 /* iDeviceScreenSizeTutorialUITests.swift in Sources */ = {isa = PBXBuildFile; fileRef = 0BBC9BF81C10E59300F85B56 /* iDeviceScreenSizeTutorialUITests.swift */; };
/* End PBXBuildFile section */

/* Begin PBXContainerItemProxy section */
		0BBC9BEA1C10E59300F85B56 /* PBXContainerItemProxy */ = {
			isa = PBXContainerItemProxy;
			containerPortal = 0BBC9BCD1C10E59300F85B56 /* Project object */;
			proxyType = 1;
			remoteGlobalIDString = 0BBC9BD41C10E59300F85B56;
			remoteInfo = iDeviceScreenSizeTutorial;
		};
		0BBC9BF51C10E59300F85B56 /* PBXContainerItemProxy */ = {
			isa = PBXContainerItemProxy;
			containerPortal = 0BBC9BCD1C10E59300F85B56 /* Project object */;
			proxyType = 1;
			remoteGlobalIDString = 0BBC9BD41C10E59300F85B56;
			remoteInfo = iDeviceScreenSizeTutorial;
		};
/* End PBXContainerItemProxy section */

/* Begin PBXFileReference section */
		0BBC9BD51C10E59300F85B56 /* iDeviceScreenSizeTutorial.app */ = {isa = PBXFileReference; explicitFileType = wrapper.application; includeInIndex = 0; path = iDeviceScreenSizeTutorial.app; sourceTree = BUILT_PRODUCTS_DIR; };
		0BBC9BD81C10E59300F85B56 /* AppDelegate.swift */ = {isa = PBXFileReference; lastKnownFileType = sourcecode.swift; path = AppDelegate.swift; sourceTree = "<group>"; };
		0BBC9BDA1C10E59300F85B56 /* ViewController.swift */ = {isa = PBXFileReference; lastKnownFileType = sourcecode.swift; path = ViewController.swift; sourceTree = "<group>"; };
		0BBC9BDD1C10E59300F85B56 /* Base */ = {isa = PBXFileReference; lastKnownFileType = file.storyboard; name = Base; path = Base.lproj/Main.storyboard; sourceTree = "<group>"; };
		0BBC9BDF1C10E59300F85B56 /* Assets.xcassets */ = {isa = PBXFileReference; lastKnownFileType = folder.assetcatalog; path = Assets.xcassets; sourceTree = "<group>"; };
		0BBC9BE21C10E59300F85B56 /* Base */ = {isa = PBXFileReference; lastKnownFileType = file.storyboard; name = Base; path = Base.lproj/LaunchScreen.storyboard; sourceTree = "<group>"; };
		0BBC9BE41C10E59300F85B56 /* Info.plist */ = {isa = PBXFileReference; lastKnownFileType = text.plist.xml; path = Info.plist; sourceTree = "<group>"; };
		0BBC9BE91C10E59300F85B56 /* iDeviceScreenSizeTutorialTests.xctest */ = {isa = PBXFileReference; explicitFileType = wrapper.cfbundle; includeInIndex = 0; path = iDeviceScreenSizeTutorialTests.xctest; sourceTree = BUILT_PRODUCTS_DIR; };
		0BBC9BED1C10E59300F85B56 /* iDeviceScreenSizeTutorialTests.swift */ = {isa = PBXFileReference; lastKnownFileType = sourcecode.swift; path = iDeviceScreenSizeTutorialTests.swift; sourceTree = "<group>"; };
		0BBC9BEF1C10E59300F85B56 /* Info.plist */ = {isa = PBXFileReference; lastKnownFileType = text.plist.xml; path = Info.plist; sourceTree = "<group>"; };
		0BBC9BF41C10E59300F85B56 /* iDeviceScreenSizeTutorialUITests.xctest */ = {isa = PBXFileReference; explicitFileType = wrapper.cfbundle; includeInIndex = 0; path = iDeviceScreenSizeTutorialUITests.xctest; sourceTree = BUILT_PRODUCTS_DIR; };
		0BBC9BF81C10E59300F85B56 /* iDeviceScreenSizeTutorialUITests.swift */ = {isa = PBXFileReference; lastKnownFileType = sourcecode.swift; path = iDeviceScreenSizeTutorialUITests.swift; sourceTree = "<group>"; };
		0BBC9BFA1C10E59300F85B56 /* Info.plist */ = {isa = PBXFileReference; lastKnownFileType = text.plist.xml; path = Info.plist; sourceTree = "<group>"; };
/* End PBXFileReference section */

/* Begin PBXFrameworksBuildPhase section */
		0BBC9BD21C10E59300F85B56 /* Frameworks */ = {
			isa = PBXFrameworksBuildPhase;
			buildActionMask = 2147483647;
			files = (
			);
			runOnlyForDeploymentPostprocessing = 0;
		};
		0BBC9BE61C10E59300F85B56 /* Frameworks */ = {
			isa = PBXFrameworksBuildPhase;
			buildActionMask = 2147483647;
			files = (
			);
			runOnlyForDeploymentPostprocessing = 0;
		};
		0BBC9BF11C10E59300F85B56 /* Frameworks */ = {
			isa = PBXFrameworksBuildPhase;
			buildActionMask = 2147483647;
			files = (
			);
			runOnlyForDeploymentPostprocessing = 0;
		};
/* End PBXFrameworksBuildPhase section */

/* Begin PBXGroup section */
		0BBC9BCC1C10E59300F85B56 = {
			isa = PBXGroup;
			children = (
				0BBC9BD71C10E59300F85B56 /* iDeviceScreenSizeTutorial */,
				0BBC9BEC1C10E59300F85B56 /* iDeviceScreenSizeTutorialTests */,
				0BBC9BF71C10E59300F85B56 /* iDeviceScreenSizeTutorialUITests */,
				0BBC9BD61C10E59300F85B56 /* Products */,
			);
			sourceTree = "<group>";
		};
		0BBC9BD61C10E59300F85B56 /* Products */ = {
			isa = PBXGroup;
			children = (
				0BBC9BD51C10E59300F85B56 /* iDeviceScreenSizeTutorial.app */,
				0BBC9BE91C10E59300F85B56 /* iDeviceScreenSizeTutorialTests.xctest */,
				0BBC9BF41C10E59300F85B56 /* iDeviceScreenSizeTutorialUITests.xctest */,
			);
			name = Products;
			sourceTree = "<group>";
		};
		0BBC9BD71C10E59300F85B56 /* iDeviceScreenSizeTutorial */ = {
			isa = PBXGroup;
			children = (
				0BBC9BD81C10E59300F85B56 /* AppDelegate.swift */,
				0BBC9BDA1C10E59300F85B56 /* ViewController.swift */,
				0BBC9BDC1C10E59300F85B56 /* Main.storyboard */,
				0BBC9BDF1C10E59300F85B56 /* Assets.xcassets */,
				0BBC9BE11C10E59300F85B56 /* LaunchScreen.storyboard */,
				0BBC9BE41C10E59300F85B56 /* Info.plist */,
			);
			path = iDeviceScreenSizeTutorial;
			sourceTree = "<group>";
		};
		0BBC9BEC1C10E59300F85B56 /* iDeviceScreenSizeTutorialTests */ = {
			isa = PBXGroup;
			children = (
				0BBC9BED1C10E59300F85B56 /* iDeviceScreenSizeTutorialTests.swift */,
				0BBC9BEF1C10E59300F85B56 /* Info.plist */,
			);
			path = iDeviceScreenSizeTutorialTests;
			sourceTree = "<group>";
		};
		0BBC9BF71C10E59300F85B56 /* iDeviceScreenSizeTutorialUITests */ = {
			isa = PBXGroup;
			children = (
				0BBC9BF81C10E59300F85B56 /* iDeviceScreenSizeTutorialUITests.swift */,
				0BBC9BFA1C10E59300F85B56 /* Info.plist */,
			);
			path = iDeviceScreenSizeTutorialUITests;
			sourceTree = "<group>";
		};
/* End PBXGroup section */

/* Begin PBXNativeTarget section */
		0BBC9BD41C10E59300F85B56 /* iDeviceScreenSizeTutorial */ = {
			isa = PBXNativeTarget;
			buildConfigurationList = 0BBC9BFD1C10E59300F85B56 /* Build configuration list for PBXNativeTarget "iDeviceScreenSizeTutorial" */;
			buildPhases = (
				0BBC9BD11C10E59300F85B56 /* Sources */,
				0BBC9BD21C10E59300F85B56 /* Frameworks */,
				0BBC9BD31C10E59300F85B56 /* Resources */,
			);
			buildRules = (
			);
			dependencies = (
			);
			name = iDeviceScreenSizeTutorial;
			productName = iDeviceScreenSizeTutorial;
			productReference = 0BBC9BD51C10E59300F85B56 /* iDeviceScreenSizeTutorial.app */;
			productType = "com.apple.product-type.application";
		};
		0BBC9BE81C10E59300F85B56 /* iDeviceScreenSizeTutorialTests */ = {
			isa = PBXNativeTarget;
			buildConfigurationList = 0BBC9C001C10E59300F85B56 /* Build configuration list for PBXNativeTarget "iDeviceScreenSizeTutorialTests" */;
			buildPhases = (
				0BBC9BE51C10E59300F85B56 /* Sources */,
				0BBC9BE61C10E59300F85B56 /* Frameworks */,
				0BBC9BE71C10E59300F85B56 /* Resources */,
			);
			buildRules = (
			);
			dependencies = (
				0BBC9BEB1C10E59300F85B56 /* PBXTargetDependency */,
			);
			name = iDeviceScreenSizeTutorialTests;
			productName = iDeviceScreenSizeTutorialTests;
			productReference = 0BBC9BE91C10E59300F85B56 /* iDeviceScreenSizeTutorialTests.xctest */;
			productType = "com.apple.product-type.bundle.unit-test";
		};
		0BBC9BF31C10E59300F85B56 /* iDeviceScreenSizeTutorialUITests */ = {
			isa = PBXNativeTarget;
			buildConfigurationList = 0BBC9C031C10E59300F85B56 /* Build configuration list for PBXNativeTarget "iDeviceScreenSizeTutorialUITests" */;
			buildPhases = (
				0BBC9BF01C10E59300F85B56 /* Sources */,
				0BBC9BF11C10E59300F85B56 /* Frameworks */,
				0BBC9BF21C10E59300F85B56 /* Resources */,
			);
			buildRules = (
			);
			dependencies = (
				0BBC9BF61C10E59300F85B56 /* PBXTargetDependency */,
			);
			name = iDeviceScreenSizeTutorialUITests;
			productName = iDeviceScreenSizeTutorialUITests;
			productReference = 0BBC9BF41C10E59300F85B56 /* iDeviceScreenSizeTutorialUITests.xctest */;
			productType = "com.apple.product-type.bundle.ui-testing";
		};
/* End PBXNativeTarget section */

/* Begin PBXProject section */
		0BBC9BCD1C10E59300F85B56 /* Project object */ = {
			isa = PBXProject;
			attributes = {
				LastSwiftUpdateCheck = 0710;
				LastUpgradeCheck = 0710;
				ORGANIZATIONNAME = "Forrest Collins";
				TargetAttributes = {
					0BBC9BD41C10E59300F85B56 = {
						CreatedOnToolsVersion = 7.1.1;
					};
					0BBC9BE81C10E59300F85B56 = {
						CreatedOnToolsVersion = 7.1.1;
						TestTargetID = 0BBC9BD41C10E59300F85B56;
					};
					0BBC9BF31C10E59300F85B56 = {
						CreatedOnToolsVersion = 7.1.1;
						TestTargetID = 0BBC9BD41C10E59300F85B56;
					};
				};
			};
			buildConfigurationList = 0BBC9BD01C10E59300F85B56 /* Build configuration list for PBXProject "iDeviceScreenSizeTutorial" */;
			compatibilityVersion = "Xcode 3.2";
			developmentRegion = English;
			hasScannedForEncodings = 0;
			knownRegions = (
				en,
				Base,
			);
			mainGroup = 0BBC9BCC1C10E59300F85B56;
			productRefGroup = 0BBC9BD61C10E59300F85B56 /* Products */;
			projectDirPath = "";
			projectRoot = "";
			targets = (
				0BBC9BD41C10E59300F85B56 /* iDeviceScreenSizeTutorial */,
				0BBC9BE81C10E59300F85B56 /* iDeviceScreenSizeTutorialTests */,
				0BBC9BF31C10E59300F85B56 /* iDeviceScreenSizeTutorialUITests */,
			);
		};
/* End PBXProject section */

/* Begin PBXResourcesBuildPhase section */
		0BBC9BD31C10E59300F85B56 /* Resources */ = {
			isa = PBXResourcesBuildPhase;
			buildActionMask = 2147483647;
			files = (
				0BBC9BE31C10E59300F85B56 /* LaunchScreen.storyboard in Resources */,
				0BBC9BE01C10E59300F85B56 /* Assets.xcassets in Resources */,
				0BBC9BDE1C10E59300F85B56 /* Main.storyboard in Resources */,
			);
			runOnlyForDeploymentPostprocessing = 0;
		};
		0BBC9BE71C10E59300F85B56 /* Resources */ = {
			isa = PBXResourcesBuildPhase;
			buildActionMask = 2147483647;
			files = (
			);
			runOnlyForDeploymentPostprocessing = 0;
		};
		0BBC9BF21C10E59300F85B56 /* Resources */ = {
			isa = PBXResourcesBuildPhase;
			buildActionMask = 2147483647;
			files = (
			);
			runOnlyForDeploymentPostprocessing = 0;
		};
/* End PBXResourcesBuildPhase section */

/* Begin PBXSourcesBuildPhase section */
		0BBC9BD11C10E59300F85B56 /* Sources */ = {
			isa = PBXSourcesBuildPhase;
			buildActionMask = 2147483647;
			files = (
				0BBC9BDB1C10E59300F85B56 /* ViewController.swift in Sources */,
				0BBC9BD91C10E59300F85B56 /* AppDelegate.swift in Sources */,
			);
			runOnlyForDeploymentPostprocessing = 0;
		};
		0BBC9BE51C10E59300F85B56 /* Sources */ = {
			isa = PBXSourcesBuildPhase;
			buildActionMask = 2147483647;
			files = (
				0BBC9BEE1C10E59300F85B56 /* iDeviceScreenSizeTutorialTests.swift in Sources */,
			);
			runOnlyForDeploymentPostprocessing = 0;
		};
		0BBC9BF01C10E59300F85B56 /* Sources */ = {
			isa = PBXSourcesBuildPhase;
			buildActionMask = 2147483647;
			files = (
				0BBC9BF91C10E59300F85B56 /* iDeviceScreenSizeTutorialUITests.swift in Sources */,
			);
			runOnlyForDeploymentPostprocessing = 0;
		};
/* End PBXSourcesBuildPhase section */

/* Begin PBXTargetDependency section */
		0BBC9BEB1C10E59300F85B56 /* PBXTargetDependency */ = {
			isa = PBXTargetDependency;
			target = 0BBC9BD41C10E59300F85B56 /* iDeviceScreenSizeTutorial */;
			targetProxy = 0BBC9BEA1C10E59300F85B56 /* PBXContainerItemProxy */;
		};
		0BBC9BF61C10E59300F85B56 /* PBXTargetDependency */ = {
			isa = PBXTargetDependency;
			target = 0BBC9BD41C10E59300F85B56 /* iDeviceScreenSizeTutorial */;
			targetProxy = 0BBC9BF51C10E59300F85B56 /* PBXContainerItemProxy */;
		};
/* End PBXTargetDependency section */

/* Begin PBXVariantGroup section */
		0BBC9BDC1C10E59300F85B56 /* Main.storyboard */ = {
			isa = PBXVariantGroup;
			children = (
				0BBC9BDD1C10E59300F85B56 /* Base */,
			);
			name = Main.storyboard;
			sourceTree = "<group>";
		};
		0BBC9BE11C10E59300F85B56 /* LaunchScreen.storyboard */ = {
			isa = PBXVariantGroup;
			children = (
				0BBC9BE21C10E59300F85B56 /* Base */,
			);
			name = LaunchScreen.storyboard;
			sourceTree = "<group>";
		};
/* End PBXVariantGroup section */

/* Begin XCBuildConfiguration section */
		0BBC9BFB1C10E59300F85B56 /* Debug */ = {
			isa = XCBuildConfiguration;
			buildSettings = {
				ALWAYS_SEARCH_USER_PATHS = NO;
				CLANG_CXX_LANGUAGE_STANDARD = "gnu++0x";
				CLANG_CXX_LIBRARY = "libc++";
				CLANG_ENABLE_MODULES = YES;
				CLANG_ENABLE_OBJC_ARC = YES;
				CLANG_WARN_BOOL_CONVERSION = YES;
				CLANG_WARN_CONSTANT_CONVERSION = YES;
				CLANG_WARN_DIRECT_OBJC_ISA_USAGE = YES_ERROR;
				CLANG_WARN_EMPTY_BODY = YES;
				CLANG_WARN_ENUM_CONVERSION = YES;
				CLANG_WARN_INT_CONVERSION = YES;
				CLANG_WARN_OBJC_ROOT_CLASS = YES_ERROR;
				CLANG_WARN_UNREACHABLE_CODE = YES;
				CLANG_WARN__DUPLICATE_METHOD_MATCH = YES;
				"CODE_SIGN_IDENTITY[sdk=iphoneos*]" = "iPhone Developer";
				COPY_PHASE_STRIP = NO;
				DEBUG_INFORMATION_FORMAT = dwarf;
				ENABLE_STRICT_OBJC_MSGSEND = YES;
				ENABLE_TESTABILITY = YES;
				GCC_C_LANGUAGE_STANDARD = gnu99;
				GCC_DYNAMIC_NO_PIC = NO;
				GCC_NO_COMMON_BLOCKS = YES;
				GCC_OPTIMIZATION_LEVEL = 0;
				GCC_PREPROCESSOR_DEFINITIONS = (
					"DEBUG=1",
					"$(inherited)",
				);
				GCC_WARN_64_TO_32_BIT_CONVERSION = YES;
				GCC_WARN_ABOUT_RETURN_TYPE = YES_ERROR;
				GCC_WARN_UNDECLARED_SELECTOR = YES;
				GCC_WARN_UNINITIALIZED_AUTOS = YES_AGGRESSIVE;
				GCC_WARN_UNUSED_FUNCTION = YES;
				GCC_WARN_UNUSED_VARIABLE = YES;
				IPHONEOS_DEPLOYMENT_TARGET = 9.1;
				MTL_ENABLE_DEBUG_INFO = YES;
				ONLY_ACTIVE_ARCH = YES;
				SDKROOT = iphoneos;
				SWIFT_OPTIMIZATION_LEVEL = "-Onone";
			};
			name = Debug;
		};
		0BBC9BFC1C10E59300F85B56 /* Release */ = {
			isa = XCBuildConfiguration;
			buildSettings = {
				ALWAYS_SEARCH_USER_PATHS = NO;
				CLANG_CXX_LANGUAGE_STANDARD = "gnu++0x";
				CLANG_CXX_LIBRARY = "libc++";
				CLANG_ENABLE_MODULES = YES;
				CLANG_ENABLE_OBJC_ARC = YES;
				CLANG_WARN_BOOL_CONVERSION = YES;
				CLANG_WARN_CONSTANT_CONVERSION = YES;
				CLANG_WARN_DIRECT_OBJC_ISA_USAGE = YES_ERROR;
				CLANG_WARN_EMPTY_BODY = YES;
				CLANG_WARN_ENUM_CONVERSION = YES;
				CLANG_WARN_INT_CONVERSION = YES;
				CLANG_WARN_OBJC_ROOT_CLASS = YES_ERROR;
				CLANG_WARN_UNREACHABLE_CODE = YES;
				CLANG_WARN__DUPLICATE_METHOD_MATCH = YES;
				"CODE_SIGN_IDENTITY[sdk=iphoneos*]" = "iPhone Developer";
				COPY_PHASE_STRIP = NO;
				DEBUG_INFORMATION_FORMAT = "dwarf-with-dsym";
				ENABLE_NS_ASSERTIONS = NO;
				ENABLE_STRICT_OBJC_MSGSEND = YES;
				GCC_C_LANGUAGE_STANDARD = gnu99;
				GCC_NO_COMMON_BLOCKS = YES;
				GCC_WARN_64_TO_32_BIT_CONVERSION = YES;
				GCC_WARN_ABOUT_RETURN_TYPE = YES_ERROR;
				GCC_WARN_UNDECLARED_SELECTOR = YES;
				GCC_WARN_UNINITIALIZED_AUTOS = YES_AGGRESSIVE;
				GCC_WARN_UNUSED_FUNCTION = YES;
				GCC_WARN_UNUSED_VARIABLE = YES;
				IPHONEOS_DEPLOYMENT_TARGET = 9.1;
				MTL_ENABLE_DEBUG_INFO = NO;
				SDKROOT = iphoneos;
				VALIDATE_PRODUCT = YES;
			};
			name = Release;
		};
		0BBC9BFE1C10E59300F85B56 /* Debug */ = {
			isa = XCBuildConfiguration;
			buildSettings = {
				ASSETCATALOG_COMPILER_APPICON_NAME = AppIcon;
				INFOPLIST_FILE = iDeviceScreenSizeTutorial/Info.plist;
				LD_RUNPATH_SEARCH_PATHS = "$(inherited) @executable_path/Frameworks";
				PRODUCT_BUNDLE_IDENTIFIER = com.blackrain.iDeviceScreenSizeTutorial;
				PRODUCT_NAME = "$(TARGET_NAME)";
			};
			name = Debug;
		};
		0BBC9BFF1C10E59300F85B56 /* Release */ = {
			isa = XCBuildConfiguration;
			buildSettings = {
				ASSETCATALOG_COMPILER_APPICON_NAME = AppIcon;
				INFOPLIST_FILE = iDeviceScreenSizeTutorial/Info.plist;
				LD_RUNPATH_SEARCH_PATHS = "$(inherited) @executable_path/Frameworks";
				PRODUCT_BUNDLE_IDENTIFIER = com.blackrain.iDeviceScreenSizeTutorial;
				PRODUCT_NAME = "$(TARGET_NAME)";
			};
			name = Release;
		};
		0BBC9C011C10E59300F85B56 /* Debug */ = {
			isa = XCBuildConfiguration;
			buildSettings = {
				BUNDLE_LOADER = "$(TEST_HOST)";
				INFOPLIST_FILE = iDeviceScreenSizeTutorialTests/Info.plist;
				LD_RUNPATH_SEARCH_PATHS = "$(inherited) @executable_path/Frameworks @loader_path/Frameworks";
				PRODUCT_BUNDLE_IDENTIFIER = com.blackrain.iDeviceScreenSizeTutorialTests;
				PRODUCT_NAME = "$(TARGET_NAME)";
				TEST_HOST = "$(BUILT_PRODUCTS_DIR)/iDeviceScreenSizeTutorial.app/iDeviceScreenSizeTutorial";
			};
			name = Debug;
		};
		0BBC9C021C10E59300F85B56 /* Release */ = {
			isa = XCBuildConfiguration;
			buildSettings = {
				BUNDLE_LOADER = "$(TEST_HOST)";
				INFOPLIST_FILE = iDeviceScreenSizeTutorialTests/Info.plist;
				LD_RUNPATH_SEARCH_PATHS = "$(inherited) @executable_path/Frameworks @loader_path/Frameworks";
				PRODUCT_BUNDLE_IDENTIFIER = com.blackrain.iDeviceScreenSizeTutorialTests;
				PRODUCT_NAME = "$(TARGET_NAME)";
				TEST_HOST = "$(BUILT_PRODUCTS_DIR)/iDeviceScreenSizeTutorial.app/iDeviceScreenSizeTutorial";
			};
			name = Release;
		};
		0BBC9C041C10E59300F85B56 /* Debug */ = {
			isa = XCBuildConfiguration;
			buildSettings = {
				INFOPLIST_FILE = iDeviceScreenSizeTutorialUITests/Info.plist;
				LD_RUNPATH_SEARCH_PATHS = "$(inherited) @executable_path/Frameworks @loader_path/Frameworks";
				PRODUCT_BUNDLE_IDENTIFIER = com.blackrain.iDeviceScreenSizeTutorialUITests;
				PRODUCT_NAME = "$(TARGET_NAME)";
				TEST_TARGET_NAME = iDeviceScreenSizeTutorial;
				USES_XCTRUNNER = YES;
			};
			name = Debug;
		};
		0BBC9C051C10E59300F85B56 /* Release */ = {
			isa = XCBuildConfiguration;
			buildSettings = {
				INFOPLIST_FILE = iDeviceScreenSizeTutorialUITests/Info.plist;
				LD_RUNPATH_SEARCH_PATHS = "$(inherited) @executable_path/Frameworks @loader_path/Frameworks";
				PRODUCT_BUNDLE_IDENTIFIER = com.blackrain.iDeviceScreenSizeTutorialUITests;
				PRODUCT_NAME = "$(TARGET_NAME)";
				TEST_TARGET_NAME = iDeviceScreenSizeTutorial;
				USES_XCTRUNNER = YES;
			};
			name = Release;
		};
/* End XCBuildConfiguration section */

/* Begin XCConfigurationList section */
		0BBC9BD01C10E59300F85B56 /* Build configuration list for PBXProject "iDeviceScreenSizeTutorial" */ = {
			isa = XCConfigurationList;
			buildConfigurations = (
				0BBC9BFB1C10E59300F85B56 /* Debug */,
				0BBC9BFC1C10E59300F85B56 /* Release */,
			);
			defaultConfigurationIsVisible = 0;
			defaultConfigurationName = Release;
		};
		0BBC9BFD1C10E59300F85B56 /* Build configuration list for PBXNativeTarget "iDeviceScreenSizeTutorial" */ = {
			isa = XCConfigurationList;
			buildConfigurations = (
				0BBC9BFE1C10E59300F85B56 /* Debug */,
				0BBC9BFF1C10E59300F85B56 /* Release */,
			);
			defaultConfigurationIsVisible = 0;
		};
		0BBC9C001C10E59300F85B56 /* Build configuration list for PBXNativeTarget "iDeviceScreenSizeTutorialTests" */ = {
			isa = XCConfigurationList;
			buildConfigurations = (
				0BBC9C011C10E59300F85B56 /* Debug */,
				0BBC9C021C10E59300F85B56 /* Release */,
			);
			defaultConfigurationIsVisible = 0;
		};
		0BBC9C031C10E59300F85B56 /* Build configuration list for PBXNativeTarget "iDeviceScreenSizeTutorialUITests" */ = {
			isa = XCConfigurationList;
			buildConfigurations = (
				0BBC9C041C10E59300F85B56 /* Debug */,
				0BBC9C051C10E59300F85B56 /* Release */,
			);
			defaultConfigurationIsVisible = 0;
		};
/* End XCConfigurationList section */
	};
	rootObject = 0BBC9BCD1C10E59300F85B56 /* Project object */;
}
